# THIS IS AN AUTOGENERATED FILE. DO NOT EDIT THIS FILE DIRECTLY.
# yarn lockfile v1


"@types/jpeg-js@^0.3.7":
  version "0.3.7"
  resolved "https://registry.yarnpkg.com/@types/jpeg-js/-/jpeg-js-0.3.7.tgz#efe18ac0078c09bae5fa1d58941b53799e7bbf1c"
  integrity sha512-v3FEzt2TXOOIgvwwOqMoeEhqYqUoK4wcV/K7JbKj8CzwDE9sSuor8EZpSJKaOnuEtyO0W+Nd2uKk8MbtusYpEg==
  dependencies:
    jpeg-js "*"

"@types/node@^14.0.14":
  version "14.0.14"
  resolved "https://registry.yarnpkg.com/@types/node/-/node-14.0.14.tgz#24a0b5959f16ac141aeb0c5b3cd7a15b7c64cbce"
  integrity sha512-syUgf67ZQpaJj01/tRTknkMNoBBLWJOBODF0Zm4NrXmiSuxjymFrxnTu1QVYRubhVkRcZLYZG8STTwJRdVm/WQ==

abbrev@1:
  version "1.1.1"
  resolved "https://registry.yarnpkg.com/abbrev/-/abbrev-1.1.1.tgz#f8f2c887ad10bf67f634f005b6987fed3179aac8"
  integrity sha512-nne9/IiQ/hzIhY6pdDnbBtz7DjPTKrY00P/zvPSm5pOFkl6xuGrGnXn/VtTNNfNtAfZ9/1RtehkszU9qcTii0Q==

jpeg-js@*, jpeg-js@^0.4.1:
  version "0.4.1"
  resolved "https://registry.yarnpkg.com/jpeg-js/-/jpeg-js-0.4.1.tgz#937a3ae911eb6427f151760f8123f04c8bfe6ef7"
  integrity sha512-jA55yJiB5tCXEddos8JBbvW+IMrqY0y1tjjx9KNVtA+QPmu7ND5j0zkKopClpUTsaETL135uOM2XfcYG4XRjmw==

node-webcam@^0.6.3:
  version "0.6.3"
  resolved "https://registry.yarnpkg.com/node-webcam/-/node-webcam-0.6.3.tgz#1a0001876a9059d620ef4d2ce27f83fad194dac3"
  integrity sha512-7JwWFtUlVUuGP5yVHKfTsfKuvdFcmXzCSye3AZS9ZoB3m6eqpKBzzDy8YTuBYbRLiF43UY3iaZieFReqiy0UQw==
  dependencies:
    nopt "*"

nopt@*:
  version "4.0.3"
  resolved "https://registry.yarnpkg.com/nopt/-/nopt-4.0.3.tgz#a375cad9d02fd921278d954c2254d5aa57e15e48"
  integrity sha512-CvaGwVMztSMJLOeXPrez7fyfObdZqNUK1cPAEzLHrTybIua9pMdmmPR5YwtfNftIOMv3DPUhFaxsZMNTQO20Kg==
  dependencies:
    abbrev "1"
    osenv "^0.1.4"

os-homedir@^1.0.0:
  version "1.0.2"
  resolved "https://registry.yarnpkg.com/os-homedir/-/os-homedir-1.0.2.tgz#ffbc4988336e0e833de0c168c7ef152121aa7fb3"
  integrity sha1-/7xJiDNuDoM94MFox+8VISGqf7M=

os-tmpdir@^1.0.0:
  version "1.0.2"
  resolved "https://registry.yarnpkg.com/os-tmpdir/-/os-tmpdir-1.0.2.tgz#bbe67406c79aa85c5cfec766fe5734555dfa1274"
  integrity sha1-u+Z0BseaqFxc/sdm/lc0VV36EnQ=

osenv@^0.1.4:
  version "0.1.5"
  resolved "https://registry.yarnpkg.com/osenv/-/osenv-0.1.5.tgz#85cdfafaeb28e8677f416e287592b5f3f49ea410"
  integrity sha512-0CWcCECdMVc2Rw3U5w9ZjqX6ga6ubk1xDVKxtBQPK7wis/0F2r9T6k4ydGYhecl7YUBxBVxhL5oisPsNxAPe2g==
  dependencies:
    os-homedir "^1.0.0"
    os-tmpdir "^1.0.0"
